// !$*UTF8*$!
{
	archiveVersion = 1;
	classes = {
	};
	objectVersion = 48;
	objects = {

/* Begin PBXBuildFile section */
		7523731CD3CECE1403476B3A /* Pods_Realm_ExpTests.framework in Frameworks */ = {isa = PBXBuildFile; fileRef = 3505DB49F65CB9EAC7BE8EA9 /* Pods_Realm_ExpTests.framework */; };
		8F0AFC8E20BD77DE00DA3522 /* AppDelegate.swift in Sources */ = {isa = PBXBuildFile; fileRef = 8F0AFC8D20BD77DE00DA3522 /* AppDelegate.swift */; };
		8F0AFC9020BD77DE00DA3522 /* ViewController.swift in Sources */ = {isa = PBXBuildFile; fileRef = 8F0AFC8F20BD77DE00DA3522 /* ViewController.swift */; };
		8F0AFC9320BD77DE00DA3522 /* Main.storyboard in Resources */ = {isa = PBXBuildFile; fileRef = 8F0AFC9120BD77DE00DA3522 /* Main.storyboard */; };
		8F0AFC9520BD77DE00DA3522 /* Assets.xcassets in Resources */ = {isa = PBXBuildFile; fileRef = 8F0AFC9420BD77DE00DA3522 /* Assets.xcassets */; };
		8F0AFC9820BD77DE00DA3522 /* LaunchScreen.storyboard in Resources */ = {isa = PBXBuildFile; fileRef = 8F0AFC9620BD77DE00DA3522 /* LaunchScreen.storyboard */; };
		8F0AFCA320BD77DE00DA3522 /* Realm_ExpTests.swift in Sources */ = {isa = PBXBuildFile; fileRef = 8F0AFCA220BD77DE00DA3522 /* Realm_ExpTests.swift */; };
		A9E1F022799C5A0D4AF3D74D /* Pods_Realm_Exp.framework in Frameworks */ = {isa = PBXBuildFile; fileRef = B85FE7141511D5A3F52D1C83 /* Pods_Realm_Exp.framework */; };
/* End PBXBuildFile section */

/* Begin PBXContainerItemProxy section */
		8F0AFC9F20BD77DE00DA3522 /* PBXContainerItemProxy */ = {
			isa = PBXContainerItemProxy;
			containerPortal = 8F0AFC8220BD77DE00DA3522 /* Project object */;
			proxyType = 1;
			remoteGlobalIDString = 8F0AFC8920BD77DE00DA3522;
			remoteInfo = "Realm-Exp";
		};
/* End PBXContainerItemProxy section */

/* Begin PBXFileReference section */
		2C5190107F9492BBEE5746B7 /* Pods-Realm-ExpTests.release.xcconfig */ = {isa = PBXFileReference; includeInIndex = 1; lastKnownFileType = text.xcconfig; name = "Pods-Realm-ExpTests.release.xcconfig"; path = "Pods/Target Support Files/Pods-Realm-ExpTests/Pods-Realm-ExpTests.release.xcconfig"; sourceTree = "<group>"; };
		3505DB49F65CB9EAC7BE8EA9 /* Pods_Realm_ExpTests.framework */ = {isa = PBXFileReference; explicitFileType = wrapper.framework; includeInIndex = 0; path = Pods_Realm_ExpTests.framework; sourceTree = BUILT_PRODUCTS_DIR; };
		44EA060D593BBBA0F1FCC544 /* Pods-Realm-Exp.debug.xcconfig */ = {isa = PBXFileReference; includeInIndex = 1; lastKnownFileType = text.xcconfig; name = "Pods-Realm-Exp.debug.xcconfig"; path = "Pods/Target Support Files/Pods-Realm-Exp/Pods-Realm-Exp.debug.xcconfig"; sourceTree = "<group>"; };
		8F0AFC8A20BD77DE00DA3522 /* Realm-Exp.app */ = {isa = PBXFileReference; explicitFileType = wrapper.application; includeInIndex = 0; path = "Realm-Exp.app"; sourceTree = BUILT_PRODUCTS_DIR; };
		8F0AFC8D20BD77DE00DA3522 /* AppDelegate.swift */ = {isa = PBXFileReference; lastKnownFileType = sourcecode.swift; path = AppDelegate.swift; sourceTree = "<group>"; };
		8F0AFC8F20BD77DE00DA3522 /* ViewController.swift */ = {isa = PBXFileReference; lastKnownFileType = sourcecode.swift; path = ViewController.swift; sourceTree = "<group>"; };
		8F0AFC9220BD77DE00DA3522 /* Base */ = {isa = PBXFileReference; lastKnownFileType = file.storyboard; name = Base; path = Base.lproj/Main.storyboard; sourceTree = "<group>"; };
		8F0AFC9420BD77DE00DA3522 /* Assets.xcassets */ = {isa = PBXFileReference; lastKnownFileType = folder.assetcatalog; path = Assets.xcassets; sourceTree = "<group>"; };
		8F0AFC9720BD77DE00DA3522 /* Base */ = {isa = PBXFileReference; lastKnownFileType = file.storyboard; name = Base; path = Base.lproj/LaunchScreen.storyboard; sourceTree = "<group>"; };
		8F0AFC9920BD77DE00DA3522 /* Info.plist */ = {isa = PBXFileReference; lastKnownFileType = text.plist.xml; path = Info.plist; sourceTree = "<group>"; };
		8F0AFC9E20BD77DE00DA3522 /* Realm-ExpTests.xctest */ = {isa = PBXFileReference; explicitFileType = wrapper.cfbundle; includeInIndex = 0; path = "Realm-ExpTests.xctest"; sourceTree = BUILT_PRODUCTS_DIR; };
		8F0AFCA220BD77DE00DA3522 /* Realm_ExpTests.swift */ = {isa = PBXFileReference; lastKnownFileType = sourcecode.swift; path = Realm_ExpTests.swift; sourceTree = "<group>"; };
		8F0AFCA420BD77DE00DA3522 /* Info.plist */ = {isa = PBXFileReference; lastKnownFileType = text.plist.xml; path = Info.plist; sourceTree = "<group>"; };
		B85FE7141511D5A3F52D1C83 /* Pods_Realm_Exp.framework */ = {isa = PBXFileReference; explicitFileType = wrapper.framework; includeInIndex = 0; path = Pods_Realm_Exp.framework; sourceTree = BUILT_PRODUCTS_DIR; };
		BDB7D48C3A28F7A262868CE2 /* Pods-Realm-Exp.release.xcconfig */ = {isa = PBXFileReference; includeInIndex = 1; lastKnownFileType = text.xcconfig; name = "Pods-Realm-Exp.release.xcconfig"; path = "Pods/Target Support Files/Pods-Realm-Exp/Pods-Realm-Exp.release.xcconfig"; sourceTree = "<group>"; };
		FD0902258934C10901EB37E8 /* Pods-Realm-ExpTests.debug.xcconfig */ = {isa = PBXFileReference; includeInIndex = 1; lastKnownFileType = text.xcconfig; name = "Pods-Realm-ExpTests.debug.xcconfig"; path = "Pods/Target Support Files/Pods-Realm-ExpTests/Pods-Realm-ExpTests.debug.xcconfig"; sourceTree = "<group>"; };
/* End PBXFileReference section */

/* Begin PBXFrameworksBuildPhase section */
		8F0AFC8720BD77DE00DA3522 /* Frameworks */ = {
			isa = PBXFrameworksBuildPhase;
			buildActionMask = 2147483647;
			files = (
				A9E1F022799C5A0D4AF3D74D /* Pods_Realm_Exp.framework in Frameworks */,
			);
			runOnlyForDeploymentPostprocessing = 0;
		};
		8F0AFC9B20BD77DE00DA3522 /* Frameworks */ = {
			isa = PBXFrameworksBuildPhase;
			buildActionMask = 2147483647;
			files = (
				7523731CD3CECE1403476B3A /* Pods_Realm_ExpTests.framework in Frameworks */,
			);
			runOnlyForDeploymentPostprocessing = 0;
		};
/* End PBXFrameworksBuildPhase section */

/* Begin PBXGroup section */
		2EFB36C44990E9DA002B5316 /* Frameworks */ = {
			isa = PBXGroup;
			children = (
				B85FE7141511D5A3F52D1C83 /* Pods_Realm_Exp.framework */,
				3505DB49F65CB9EAC7BE8EA9 /* Pods_Realm_ExpTests.framework */,
			);
			name = Frameworks;
			sourceTree = "<group>";
		};
		7EC7796499DA0B5AFB7462CB /* Pods */ = {
			isa = PBXGroup;
			children = (
				44EA060D593BBBA0F1FCC544 /* Pods-Realm-Exp.debug.xcconfig */,
				BDB7D48C3A28F7A262868CE2 /* Pods-Realm-Exp.release.xcconfig */,
				FD0902258934C10901EB37E8 /* Pods-Realm-ExpTests.debug.xcconfig */,
				2C5190107F9492BBEE5746B7 /* Pods-Realm-ExpTests.release.xcconfig */,
			);
			name = Pods;
			sourceTree = "<group>";
		};
		8F0AFC8120BD77DE00DA3522 = {
			isa = PBXGroup;
			children = (
				8F0AFC8C20BD77DE00DA3522 /* Realm-Exp */,
				8F0AFCA120BD77DE00DA3522 /* Realm-ExpTests */,
				8F0AFC8B20BD77DE00DA3522 /* Products */,
				7EC7796499DA0B5AFB7462CB /* Pods */,
				2EFB36C44990E9DA002B5316 /* Frameworks */,
			);
			sourceTree = "<group>";
		};
		8F0AFC8B20BD77DE00DA3522 /* Products */ = {
			isa = PBXGroup;
			children = (
				8F0AFC8A20BD77DE00DA3522 /* Realm-Exp.app */,
				8F0AFC9E20BD77DE00DA3522 /* Realm-ExpTests.xctest */,
			);
			name = Products;
			sourceTree = "<group>";
		};
		8F0AFC8C20BD77DE00DA3522 /* Realm-Exp */ = {
			isa = PBXGroup;
			children = (
				8F0AFC8D20BD77DE00DA3522 /* AppDelegate.swift */,
				8F0AFC8F20BD77DE00DA3522 /* ViewController.swift */,
				8F0AFC9120BD77DE00DA3522 /* Main.storyboard */,
				8F0AFC9420BD77DE00DA3522 /* Assets.xcassets */,
				8F0AFC9620BD77DE00DA3522 /* LaunchScreen.storyboard */,
				8F0AFC9920BD77DE00DA3522 /* Info.plist */,
			);
			path = "Realm-Exp";
			sourceTree = "<group>";
		};
		8F0AFCA120BD77DE00DA3522 /* Realm-ExpTests */ = {
			isa = PBXGroup;
			children = (
				8F0AFCA220BD77DE00DA3522 /* Realm_ExpTests.swift */,
				8F0AFCA420BD77DE00DA3522 /* Info.plist */,
			);
			path = "Realm-ExpTests";
			sourceTree = "<group>";
		};
/* End PBXGroup section */

/* Begin PBXNativeTarget section */
		8F0AFC8920BD77DE00DA3522 /* Realm-Exp */ = {
			isa = PBXNativeTarget;
			buildConfigurationList = 8F0AFCA720BD77DE00DA3522 /* Build configuration list for PBXNativeTarget "Realm-Exp" */;
			buildPhases = (
				FE8C11AF175BB08AC984D040 /* [CP] Check Pods Manifest.lock */,
				8F0AFC8620BD77DE00DA3522 /* Sources */,
				8F0AFC8720BD77DE00DA3522 /* Frameworks */,
				8F0AFC8820BD77DE00DA3522 /* Resources */,
				165C5896666C373A552AADBA /* [CP] Embed Pods Frameworks */,
			);
			buildRules = (
			);
			dependencies = (
			);
			name = "Realm-Exp";
			productName = "Realm-Exp";
			productReference = 8F0AFC8A20BD77DE00DA3522 /* Realm-Exp.app */;
			productType = "com.apple.product-type.application";
		};
		8F0AFC9D20BD77DE00DA3522 /* Realm-ExpTests */ = {
			isa = PBXNativeTarget;
			buildConfigurationList = 8F0AFCAA20BD77DE00DA3522 /* Build configuration list for PBXNativeTarget "Realm-ExpTests" */;
			buildPhases = (
				FA0031A21F0D533FB2CAEA6D /* [CP] Check Pods Manifest.lock */,
				8F0AFC9A20BD77DE00DA3522 /* Sources */,
				8F0AFC9B20BD77DE00DA3522 /* Frameworks */,
				8F0AFC9C20BD77DE00DA3522 /* Resources */,
			);
			buildRules = (
			);
			dependencies = (
				8F0AFCA020BD77DE00DA3522 /* PBXTargetDependency */,
			);
			name = "Realm-ExpTests";
			productName = "Realm-ExpTests";
			productReference = 8F0AFC9E20BD77DE00DA3522 /* Realm-ExpTests.xctest */;
			productType = "com.apple.product-type.bundle.unit-test";
		};
/* End PBXNativeTarget section */

/* Begin PBXProject section */
		8F0AFC8220BD77DE00DA3522 /* Project object */ = {
			isa = PBXProject;
			attributes = {
				LastSwiftUpdateCheck = 0920;
				LastUpgradeCheck = 0920;
				ORGANIZATIONNAME = Prashant;
				TargetAttributes = {
					8F0AFC8920BD77DE00DA3522 = {
						CreatedOnToolsVersion = 9.2;
						ProvisioningStyle = Automatic;
					};
					8F0AFC9D20BD77DE00DA3522 = {
						CreatedOnToolsVersion = 9.2;
						ProvisioningStyle = Automatic;
						TestTargetID = 8F0AFC8920BD77DE00DA3522;
					};
				};
			};
			buildConfigurationList = 8F0AFC8520BD77DE00DA3522 /* Build configuration list for PBXProject "Realm-Exp" */;
			compatibilityVersion = "Xcode 8.0";
			developmentRegion = en;
			hasScannedForEncodings = 0;
			knownRegions = (
				en,
				Base,
			);
			mainGroup = 8F0AFC8120BD77DE00DA3522;
			productRefGroup = 8F0AFC8B20BD77DE00DA3522 /* Products */;
			projectDirPath = "";
			projectRoot = "";
			targets = (
				8F0AFC8920BD77DE00DA3522 /* Realm-Exp */,
				8F0AFC9D20BD77DE00DA3522 /* Realm-ExpTests */,
			);
		};
/* End PBXProject section */

/* Begin PBXResourcesBuildPhase section */
		8F0AFC8820BD77DE00DA3522 /* Resources */ = {
			isa = PBXResourcesBuildPhase;
			buildActionMask = 2147483647;
			files = (
				8F0AFC9820BD77DE00DA3522 /* LaunchScreen.storyboard in Resources */,
				8F0AFC9520BD77DE00DA3522 /* Assets.xcassets in Resources */,
				8F0AFC9320BD77DE00DA3522 /* Main.storyboard in Resources */,
			);
			runOnlyForDeploymentPostprocessing = 0;
		};
		8F0AFC9C20BD77DE00DA3522 /* Resources */ = {
			isa = PBXResourcesBuildPhase;
			buildActionMask = 2147483647;
			files = (
			);
			runOnlyForDeploymentPostprocessing = 0;
		};
/* End PBXResourcesBuildPhase section */

/* Begin PBXShellScriptBuildPhase section */
		165C5896666C373A552AADBA /* [CP] Embed Pods Frameworks */ = {
			isa = PBXShellScriptBuildPhase;
			buildActionMask = 2147483647;
			files = (
			);
			inputPaths = (
				"${SRCROOT}/Pods/Target Support Files/Pods-Realm-Exp/Pods-Realm-Exp-frameworks.sh",
				"${BUILT_PRODUCTS_DIR}/Realm/Realm.framework",
				"${BUILT_PRODUCTS_DIR}/RealmSwift/RealmSwift.framework",
			);
			name = "[CP] Embed Pods Frameworks";
			outputPaths = (
				"${TARGET_BUILD_DIR}/${FRAMEWORKS_FOLDER_PATH}/Realm.framework",
				"${TARGET_BUILD_DIR}/${FRAMEWORKS_FOLDER_PATH}/RealmSwift.framework",
			);
			runOnlyForDeploymentPostprocessing = 0;
			shellPath = /bin/sh;
			shellScript = "\"${SRCROOT}/Pods/Target Support Files/Pods-Realm-Exp/Pods-Realm-Exp-frameworks.sh\"\n";
			showEnvVarsInLog = 0;
		};
		FA0031A21F0D533FB2CAEA6D /* [CP] Check Pods Manifest.lock */ = {
			isa = PBXShellScriptBuildPhase;
			buildActionMask = 2147483647;
			files = (
			);
			inputPaths = (
				"${PODS_PODFILE_DIR_PATH}/Podfile.lock",
				"${PODS_ROOT}/Manifest.lock",
			);
			name = "[CP] Check Pods Manifest.lock";
			outputPaths = (
				"$(DERIVED_FILE_DIR)/Pods-Realm-ExpTests-checkManifestLockResult.txt",
			);
			runOnlyForDeploymentPostprocessing = 0;
			shellPath = /bin/sh;
			shellScript = "diff \"${PODS_PODFILE_DIR_PATH}/Podfile.lock\" \"${PODS_ROOT}/Manifest.lock\" > /dev/null\nif [ $? != 0 ] ; then\n    # print error to STDERR\n    echo \"error: The sandbox is not in sync with the Podfile.lock. Run 'pod install' or update your CocoaPods installation.\" >&2\n    exit 1\nfi\n# This output is used by Xcode 'outputs' to avoid re-running this script phase.\necho \"SUCCESS\" > \"${SCRIPT_OUTPUT_FILE_0}\"\n";
			showEnvVarsInLog = 0;
		};
		FE8C11AF175BB08AC984D040 /* [CP] Check Pods Manifest.lock */ = {
			isa = PBXShellScriptBuildPhase;
			buildActionMask = 2147483647;
			files = (
			);
			inputPaths = (
				"${PODS_PODFILE_DIR_PATH}/Podfile.lock",
				"${PODS_ROOT}/Manifest.lock",
			);
			name = "[CP] Check Pods Manifest.lock";
			outputPaths = (
				"$(DERIVED_FILE_DIR)/Pods-Realm-Exp-checkManifestLockResult.txt",
			);
			runOnlyForDeploymentPostprocessing = 0;
			shellPath = /bin/sh;
			shellScript = "diff \"${PODS_PODFILE_DIR_PATH}/Podfile.lock\" \"${PODS_ROOT}/Manifest.lock\" > /dev/null\nif [ $? != 0 ] ; then\n    # print error to STDERR\n    echo \"error: The sandbox is not in sync with the Podfile.lock. Run 'pod install' or update your CocoaPods installation.\" >&2\n    exit 1\nfi\n# This output is used by Xcode 'outputs' to avoid re-running this script phase.\necho \"SUCCESS\" > \"${SCRIPT_OUTPUT_FILE_0}\"\n";
			showEnvVarsInLog = 0;
		};
/* End PBXShellScriptBuildPhase section */

/* Begin PBXSourcesBuildPhase section */
		8F0AFC8620BD77DE00DA3522 /* Sources */ = {
			isa = PBXSourcesBuildPhase;
			buildActionMask = 2147483647;
			files = (
				8F0AFC9020BD77DE00DA3522 /* ViewController.swift in Sources */,
				8F0AFC8E20BD77DE00DA3522 /* AppDelegate.swift in Sources */,
			);
			runOnlyForDeploymentPostprocessing = 0;
		};
		8F0AFC9A20BD77DE00DA3522 /* Sources */ = {
			isa = PBXSourcesBuildPhase;
			buildActionMask = 2147483647;
			files = (
				8F0AFCA320BD77DE00DA3522 /* Realm_ExpTests.swift in Sources */,
			);
			runOnlyForDeploymentPostprocessing = 0;
		};
/* End PBXSourcesBuildPhase section */

/* Begin PBXTargetDependency section */
		8F0AFCA020BD77DE00DA3522 /* PBXTargetDependency */ = {
			isa = PBXTargetDependency;
			target = 8F0AFC8920BD77DE00DA3522 /* Realm-Exp */;
			targetProxy = 8F0AFC9F20BD77DE00DA3522 /* PBXContainerItemProxy */;
		};
/* End PBXTargetDependency section */

/* Begin PBXVariantGroup section */
		8F0AFC9120BD77DE00DA3522 /* Main.storyboard */ = {
			isa = PBXVariantGroup;
			children = (
				8F0AFC9220BD77DE00DA3522 /* Base */,
			);
			name = Main.storyboard;
			sourceTree = "<group>";
		};
		8F0AFC9620BD77DE00DA3522 /* LaunchScreen.storyboard */ = {
			isa = PBXVariantGroup;
			children = (
				8F0AFC9720BD77DE00DA3522 /* Base */,
			);
			name = LaunchScreen.storyboard;
			sourceTree = "<group>";
		};
/* End PBXVariantGroup section */

/* Begin XCBuildConfiguration section */
		8F0AFCA520BD77DE00DA3522 /* Debug */ = {
			isa = XCBuildConfiguration;
			buildSettings = {
				ALWAYS_SEARCH_USER_PATHS = NO;
				CLANG_ANALYZER_NONNULL = YES;
				CLANG_ANALYZER_NUMBER_OBJECT_CONVERSION = YES_AGGRESSIVE;
				CLANG_CXX_LANGUAGE_STANDARD = "gnu++14";
				CLANG_CXX_LIBRARY = "libc++";
				CLANG_ENABLE_MODULES = YES;
				CLANG_ENABLE_OBJC_ARC = YES;
				CLANG_WARN_BLOCK_CAPTURE_AUTORELEASING = YES;
				CLANG_WARN_BOOL_CONVERSION = YES;
				CLANG_WARN_COMMA = YES;
				CLANG_WARN_CONSTANT_CONVERSION = YES;
				CLANG_WARN_DIRECT_OBJC_ISA_USAGE = YES_ERROR;
				CLANG_WARN_DOCUMENTATION_COMMENTS = YES;
				CLANG_WARN_EMPTY_BODY = YES;
				CLANG_WARN_ENUM_CONVERSION = YES;
				CLANG_WARN_INFINITE_RECURSION = YES;
				CLANG_WARN_INT_CONVERSION = YES;
				CLANG_WARN_NON_LITERAL_NULL_CONVERSION = YES;
				CLANG_WARN_OBJC_LITERAL_CONVERSION = YES;
				CLANG_WARN_OBJC_ROOT_CLASS = YES_ERROR;
				CLANG_WARN_RANGE_LOOP_ANALYSIS = YES;
				CLANG_WARN_STRICT_PROTOTYPES = YES;
				CLANG_WARN_SUSPICIOUS_MOVE = YES;
				CLANG_WARN_UNGUARDED_AVAILABILITY = YES_AGGRESSIVE;
				CLANG_WARN_UNREACHABLE_CODE = YES;
				CLANG_WARN__DUPLICATE_METHOD_MATCH = YES;
				CODE_SIGN_IDENTITY = "iPhone Developer";
				COPY_PHASE_STRIP = NO;
				DEBUG_INFORMATION_FORMAT = dwarf;
				ENABLE_STRICT_OBJC_MSGSEND = YES;
				ENABLE_TESTABILITY = YES;
				GCC_C_LANGUAGE_STANDARD = gnu11;
				GCC_DYNAMIC_NO_PIC = NO;
				GCC_NO_COMMON_BLOCKS = YES;
				GCC_OPTIMIZATION_LEVEL = 0;
				GCC_PREPROCESSOR_DEFINITIONS = (
					"DEBUG=1",
					"$(inherited)",
				);
				GCC_WARN_64_TO_32_BIT_CONVERSION = YES;
				GCC_WARN_ABOUT_RETURN_TYPE = YES_ERROR;
				GCC_WARN_UNDECLARED_SELECTOR = YES;
				GCC_WARN_UNINITIALIZED_AUTOS = YES_AGGRESSIVE;
				GCC_WARN_UNUSED_FUNCTION = YES;
				GCC_WARN_UNUSED_VARIABLE = YES;
				IPHONEOS_DEPLOYMENT_TARGET = 11.2;
				MTL_ENABLE_DEBUG_INFO = YES;
				ONLY_ACTIVE_ARCH = YES;
				SDKROOT = iphoneos;
				SWIFT_ACTIVE_COMPILATION_CONDITIONS = DEBUG;
				SWIFT_OPTIMIZATION_LEVEL = "-Onone";
			};
			name = Debug;
		};
		8F0AFCA620BD77DE00DA3522 /* Release */ = {
			isa = XCBuildConfiguration;
			buildSettings = {
				ALWAYS_SEARCH_USER_PATHS = NO;
				CLANG_ANALYZER_NONNULL = YES;
				CLANG_ANALYZER_NUMBER_OBJECT_CONVERSION = YES_AGGRESSIVE;
				CLANG_CXX_LANGUAGE_STANDARD = "gnu++14";
				CLANG_CXX_LIBRARY = "libc++";
				CLANG_ENABLE_MODULES = YES;
				CLANG_ENABLE_OBJC_ARC = YES;
				CLANG_WARN_BLOCK_CAPTURE_AUTORELEASING = YES;
				CLANG_WARN_BOOL_CONVERSION = YES;
				CLANG_WARN_COMMA = YES;
				CLANG_WARN_CONSTANT_CONVERSION = YES;
				CLANG_WARN_DIRECT_OBJC_ISA_USAGE = YES_ERROR;
				CLANG_WARN_DOCUMENTATION_COMMENTS = YES;
				CLANG_WARN_EMPTY_BODY = YES;
				CLANG_WARN_ENUM_CONVERSION = YES;
				CLANG_WARN_INFINITE_RECURSION = YES;
				CLANG_WARN_INT_CONVERSION = YES;
				CLANG_WARN_NON_LITERAL_NULL_CONVERSION = YES;
				CLANG_WARN_OBJC_LITERAL_CONVERSION = YES;
				CLANG_WARN_OBJC_ROOT_CLASS = YES_ERROR;
				CLANG_WARN_RANGE_LOOP_ANALYSIS = YES;
				CLANG_WARN_STRICT_PROTOTYPES = YES;
				CLANG_WARN_SUSPICIOUS_MOVE = YES;
				CLANG_WARN_UNGUARDED_AVAILABILITY = YES_AGGRESSIVE;
				CLANG_WARN_UNREACHABLE_CODE = YES;
				CLANG_WARN__DUPLICATE_METHOD_MATCH = YES;
				CODE_SIGN_IDENTITY = "iPhone Developer";
				COPY_PHASE_STRIP = NO;
				DEBUG_INFORMATION_FORMAT = "dwarf-with-dsym";
				ENABLE_NS_ASSERTIONS = NO;
				ENABLE_STRICT_OBJC_MSGSEND = YES;
				GCC_C_LANGUAGE_STANDARD = gnu11;
				GCC_NO_COMMON_BLOCKS = YES;
				GCC_WARN_64_TO_32_BIT_CONVERSION = YES;
				GCC_WARN_ABOUT_RETURN_TYPE = YES_ERROR;
				GCC_WARN_UNDECLARED_SELECTOR = YES;
				GCC_WARN_UNINITIALIZED_AUTOS = YES_AGGRESSIVE;
				GCC_WARN_UNUSED_FUNCTION = YES;
				GCC_WARN_UNUSED_VARIABLE = YES;
				IPHONEOS_DEPLOYMENT_TARGET = 11.2;
				MTL_ENABLE_DEBUG_INFO = NO;
				SDKROOT = iphoneos;
				SWIFT_OPTIMIZATION_LEVEL = "-Owholemodule";
				VALIDATE_PRODUCT = YES;
			};
			name = Release;
		};
		8F0AFCA820BD77DE00DA3522 /* Debug */ = {
			isa = XCBuildConfiguration;
			baseConfigurationReference = 44EA060D593BBBA0F1FCC544 /* Pods-Realm-Exp.debug.xcconfig */;
			buildSettings = {
				ASSETCATALOG_COMPILER_APPICON_NAME = AppIcon;
				CODE_SIGN_STYLE = Automatic;
				INFOPLIST_FILE = "Realm-Exp/Info.plist";
				LD_RUNPATH_SEARCH_PATHS = "$(inherited) @executable_path/Frameworks";
				PRODUCT_BUNDLE_IDENTIFIER = "com.pk.Realm-Exp";
				PRODUCT_NAME = "$(TARGET_NAME)";
				SWIFT_VERSION = 4.0;
				TARGETED_DEVICE_FAMILY = "1,2";
			};
			name = Debug;
		};
		8F0AFCA920BD77DE00DA3522 /* Release */ = {
			isa = XCBuildConfiguration;
			baseConfigurationReference = BDB7D48C3A28F7A262868CE2 /* Pods-Realm-Exp.release.xcconfig */;
			buildSettings = {
				ASSETCATALOG_COMPILER_APPICON_NAME = AppIcon;
				CODE_SIGN_STYLE = Automatic;
				INFOPLIST_FILE = "Realm-Exp/Info.plist";
				LD_RUNPATH_SEARCH_PATHS = "$(inherited) @executable_path/Frameworks";
				PRODUCT_BUNDLE_IDENTIFIER = "com.pk.Realm-Exp";
				PRODUCT_NAME = "$(TARGET_NAME)";
				SWIFT_VERSION = 4.0;
				TARGETED_DEVICE_FAMILY = "1,2";
			};
			name = Release;
		};
		8F0AFCAB20BD77DE00DA3522 /* Debug */ = {
			isa = XCBuildConfiguration;
			baseConfigurationReference = FD0902258934C10901EB37E8 /* Pods-Realm-ExpTests.debug.xcconfig */;
			buildSettings = {
				ALWAYS_EMBED_SWIFT_STANDARD_LIBRARIES = YES;
				BUNDLE_LOADER = "$(TEST_HOST)";
				CODE_SIGN_STYLE = Automatic;
				INFOPLIST_FILE = "Realm-ExpTests/Info.plist";
				LD_RUNPATH_SEARCH_PATHS = "$(inherited) @executable_path/Frameworks @loader_path/Frameworks";
				PRODUCT_BUNDLE_IDENTIFIER = "com.pk.Realm-ExpTests";
				PRODUCT_NAME = "$(TARGET_NAME)";
				SWIFT_VERSION = 4.0;
				TARGETED_DEVICE_FAMILY = "1,2";
				TEST_HOST = "$(BUILT_PRODUCTS_DIR)/Realm-Exp.app/Realm-Exp";
			};
			name = Debug;
		};
		8F0AFCAC20BD77DE00DA3522 /* Release */ = {
			isa = XCBuildConfiguration;
			baseConfigurationReference = 2C5190107F9492BBEE5746B7 /* Pods-Realm-ExpTests.release.xcconfig */;
			buildSettings = {
				ALWAYS_EMBED_SWIFT_STANDARD_LIBRARIES = YES;
				BUNDLE_LOADER = "$(TEST_HOST)";
				CODE_SIGN_STYLE = Automatic;
				INFOPLIST_FILE = "Realm-ExpTests/Info.plist";
				LD_RUNPATH_SEARCH_PATHS = "$(inherited) @executable_path/Frameworks @loader_path/Frameworks";
				PRODUCT_BUNDLE_IDENTIFIER = "com.pk.Realm-ExpTests";
				PRODUCT_NAME = "$(TARGET_NAME)";
				SWIFT_VERSION = 4.0;
				TARGETED_DEVICE_FAMILY = "1,2";
				TEST_HOST = "$(BUILT_PRODUCTS_DIR)/Realm-Exp.app/Realm-Exp";
			};
			name = Release;
		};
/* End XCBuildConfiguration section */

/* Begin XCConfigurationList section */
		8F0AFC8520BD77DE00DA3522 /* Build configuration list for PBXProject "Realm-Exp" */ = {
			isa = XCConfigurationList;
			buildConfigurations = (
				8F0AFCA520BD77DE00DA3522 /* Debug */,
				8F0AFCA620BD77DE00DA3522 /* Release */,
			);
			defaultConfigurationIsVisible = 0;
			defaultConfigurationName = Release;
		};
		8F0AFCA720BD77DE00DA3522 /* Build configuration list for PBXNativeTarget "Realm-Exp" */ = {
			isa = XCConfigurationList;
			buildConfigurations = (
				8F0AFCA820BD77DE00DA3522 /* Debug */,
				8F0AFCA920BD77DE00DA3522 /* Release */,
			);
			defaultConfigurationIsVisible = 0;
			defaultConfigurationName = Release;
		};
		8F0AFCAA20BD77DE00DA3522 /* Build configuration list for PBXNativeTarget "Realm-ExpTests" */ = {
			isa = XCConfigurationList;
			buildConfigurations = (
				8F0AFCAB20BD77DE00DA3522 /* Debug */,
				8F0AFCAC20BD77DE00DA3522 /* Release */,
			);
			defaultConfigurationIsVisible = 0;
			defaultConfigurationName = Release;
		};
/* End XCConfigurationList section */
	};
	rootObject = 8F0AFC8220BD77DE00DA3522 /* Project object */;
}
